// !$*UTF8*$!
{
	archiveVersion = 1;
	classes = {
	};
	objectVersion = 55;
	objects = {

/* Begin PBXBuildFile section */
		CB3716C25370EF28F78FAFAF /* Pods_openWeather.framework in Frameworks */ = {isa = PBXBuildFile; fileRef = AB80C7CE87467CD1F5B198BA /* Pods_openWeather.framework */; };
		CE6E86B327756286007E2540 /* AppDelegate.swift in Sources */ = {isa = PBXBuildFile; fileRef = CE6E86B227756286007E2540 /* AppDelegate.swift */; };
		CE6E86B527756286007E2540 /* SceneDelegate.swift in Sources */ = {isa = PBXBuildFile; fileRef = CE6E86B427756286007E2540 /* SceneDelegate.swift */; };
		CE6E86B727756286007E2540 /* ViewController.swift in Sources */ = {isa = PBXBuildFile; fileRef = CE6E86B627756286007E2540 /* ViewController.swift */; };
		CE6E86BA27756286007E2540 /* Main.storyboard in Resources */ = {isa = PBXBuildFile; fileRef = CE6E86B827756286007E2540 /* Main.storyboard */; };
		CE6E86BC27756287007E2540 /* Assets.xcassets in Resources */ = {isa = PBXBuildFile; fileRef = CE6E86BB27756287007E2540 /* Assets.xcassets */; };
		CE6E86BF27756287007E2540 /* LaunchScreen.storyboard in Resources */ = {isa = PBXBuildFile; fileRef = CE6E86BD27756287007E2540 /* LaunchScreen.storyboard */; };
		CE6E86C7277564C4007E2540 /* WeatherModels.swift in Sources */ = {isa = PBXBuildFile; fileRef = CE6E86C6277564C4007E2540 /* WeatherModels.swift */; };
		CE6E86CF27756D74007E2540 /* WeatherNetwork.swift in Sources */ = {isa = PBXBuildFile; fileRef = CE6E86CE27756D74007E2540 /* WeatherNetwork.swift */; };
		CE6E86D1277583F7007E2540 /* WeatherViewModel.swift in Sources */ = {isa = PBXBuildFile; fileRef = CE6E86D0277583F7007E2540 /* WeatherViewModel.swift */; };
		CE6E86D4277598C5007E2540 /* TodayCell.swift in Sources */ = {isa = PBXBuildFile; fileRef = CE6E86D3277598C5007E2540 /* TodayCell.swift */; };
		CE6E86D6277598DE007E2540 /* DailyCell.swift in Sources */ = {isa = PBXBuildFile; fileRef = CE6E86D5277598DE007E2540 /* DailyCell.swift */; };
		CE6E86DA2775B646007E2540 /* Kits.swift in Sources */ = {isa = PBXBuildFile; fileRef = CE6E86D92775B646007E2540 /* Kits.swift */; };
		CE6E86DC2775BCD4007E2540 /* DetailViewController.swift in Sources */ = {isa = PBXBuildFile; fileRef = CE6E86DB2775BCD4007E2540 /* DetailViewController.swift */; };
/* End PBXBuildFile section */

/* Begin PBXFileReference section */
		6D95307BBA33E71CB3156241 /* Pods-openWeather.release.xcconfig */ = {isa = PBXFileReference; includeInIndex = 1; lastKnownFileType = text.xcconfig; name = "Pods-openWeather.release.xcconfig"; path = "Target Support Files/Pods-openWeather/Pods-openWeather.release.xcconfig"; sourceTree = "<group>"; };
		AB80C7CE87467CD1F5B198BA /* Pods_openWeather.framework */ = {isa = PBXFileReference; explicitFileType = wrapper.framework; includeInIndex = 0; path = Pods_openWeather.framework; sourceTree = BUILT_PRODUCTS_DIR; };
		B8D5C07E8DAF82EE058680BA /* Pods-openWeather.debug.xcconfig */ = {isa = PBXFileReference; includeInIndex = 1; lastKnownFileType = text.xcconfig; name = "Pods-openWeather.debug.xcconfig"; path = "Target Support Files/Pods-openWeather/Pods-openWeather.debug.xcconfig"; sourceTree = "<group>"; };
		CE6E86AF27756286007E2540 /* openWeather.app */ = {isa = PBXFileReference; explicitFileType = wrapper.application; includeInIndex = 0; path = openWeather.app; sourceTree = BUILT_PRODUCTS_DIR; };
		CE6E86B227756286007E2540 /* AppDelegate.swift */ = {isa = PBXFileReference; lastKnownFileType = sourcecode.swift; path = AppDelegate.swift; sourceTree = "<group>"; };
		CE6E86B427756286007E2540 /* SceneDelegate.swift */ = {isa = PBXFileReference; lastKnownFileType = sourcecode.swift; path = SceneDelegate.swift; sourceTree = "<group>"; };
		CE6E86B627756286007E2540 /* ViewController.swift */ = {isa = PBXFileReference; lastKnownFileType = sourcecode.swift; path = ViewController.swift; sourceTree = "<group>"; };
		CE6E86B927756286007E2540 /* Base */ = {isa = PBXFileReference; lastKnownFileType = file.storyboard; name = Base; path = Base.lproj/Main.storyboard; sourceTree = "<group>"; };
		CE6E86BB27756287007E2540 /* Assets.xcassets */ = {isa = PBXFileReference; lastKnownFileType = folder.assetcatalog; path = Assets.xcassets; sourceTree = "<group>"; };
		CE6E86BE27756287007E2540 /* Base */ = {isa = PBXFileReference; lastKnownFileType = file.storyboard; name = Base; path = Base.lproj/LaunchScreen.storyboard; sourceTree = "<group>"; };
		CE6E86C027756287007E2540 /* Info.plist */ = {isa = PBXFileReference; lastKnownFileType = text.plist.xml; path = Info.plist; sourceTree = "<group>"; };
		CE6E86C6277564C4007E2540 /* WeatherModels.swift */ = {isa = PBXFileReference; lastKnownFileType = sourcecode.swift; path = WeatherModels.swift; sourceTree = "<group>"; };
		CE6E86CE27756D74007E2540 /* WeatherNetwork.swift */ = {isa = PBXFileReference; lastKnownFileType = sourcecode.swift; path = WeatherNetwork.swift; sourceTree = "<group>"; };
		CE6E86D0277583F7007E2540 /* WeatherViewModel.swift */ = {isa = PBXFileReference; lastKnownFileType = sourcecode.swift; path = WeatherViewModel.swift; sourceTree = "<group>"; };
		CE6E86D3277598C5007E2540 /* TodayCell.swift */ = {isa = PBXFileReference; lastKnownFileType = sourcecode.swift; path = TodayCell.swift; sourceTree = "<group>"; };
		CE6E86D5277598DE007E2540 /* DailyCell.swift */ = {isa = PBXFileReference; lastKnownFileType = sourcecode.swift; path = DailyCell.swift; sourceTree = "<group>"; };
		CE6E86D92775B646007E2540 /* Kits.swift */ = {isa = PBXFileReference; lastKnownFileType = sourcecode.swift; path = Kits.swift; sourceTree = "<group>"; };
		CE6E86DB2775BCD4007E2540 /* DetailViewController.swift */ = {isa = PBXFileReference; lastKnownFileType = sourcecode.swift; path = DetailViewController.swift; sourceTree = "<group>"; };
/* End PBXFileReference section */

/* Begin PBXFrameworksBuildPhase section */
		CE6E86AC27756286007E2540 /* Frameworks */ = {
			isa = PBXFrameworksBuildPhase;
			buildActionMask = 2147483647;
			files = (
				CB3716C25370EF28F78FAFAF /* Pods_openWeather.framework in Frameworks */,
			);
			runOnlyForDeploymentPostprocessing = 0;
		};
/* End PBXFrameworksBuildPhase section */

/* Begin PBXGroup section */
		82184613C6A3353D276F11EF /* Pods */ = {
			isa = PBXGroup;
			children = (
				B8D5C07E8DAF82EE058680BA /* Pods-openWeather.debug.xcconfig */,
				6D95307BBA33E71CB3156241 /* Pods-openWeather.release.xcconfig */,
			);
			path = Pods;
			sourceTree = "<group>";
		};
		9DB28D00899224CE1F601938 /* Frameworks */ = {
			isa = PBXGroup;
			children = (
				AB80C7CE87467CD1F5B198BA /* Pods_openWeather.framework */,
			);
			name = Frameworks;
			sourceTree = "<group>";
		};
		CE6E86A627756286007E2540 = {
			isa = PBXGroup;
			children = (
				CE6E86B127756286007E2540 /* openWeather */,
				CE6E86B027756286007E2540 /* Products */,
				82184613C6A3353D276F11EF /* Pods */,
				9DB28D00899224CE1F601938 /* Frameworks */,
			);
			sourceTree = "<group>";
		};
		CE6E86B027756286007E2540 /* Products */ = {
			isa = PBXGroup;
			children = (
				CE6E86AF27756286007E2540 /* openWeather.app */,
			);
			name = Products;
			sourceTree = "<group>";
		};
		CE6E86B127756286007E2540 /* openWeather */ = {
			isa = PBXGroup;
			children = (
				CE6E86DD2775C6FD007E2540 /* Kits */,
				CE6E86CD277568D4007E2540 /* Models */,
				CE6E86CC277568CB007E2540 /* ViewModels */,
				CE6E86CB277568C1007E2540 /* Views */,
				CE6E86C82775673F007E2540 /* NetworkService */,
				CE6E86B227756286007E2540 /* AppDelegate.swift */,
				CE6E86B427756286007E2540 /* SceneDelegate.swift */,
				CE6E86B827756286007E2540 /* Main.storyboard */,
				CE6E86BB27756287007E2540 /* Assets.xcassets */,
				CE6E86BD27756287007E2540 /* LaunchScreen.storyboard */,
				CE6E86C027756287007E2540 /* Info.plist */,
			);
			path = openWeather;
			sourceTree = "<group>";
		};
		CE6E86C82775673F007E2540 /* NetworkService */ = {
			isa = PBXGroup;
			children = (
				CE6E86CE27756D74007E2540 /* WeatherNetwork.swift */,
			);
			path = NetworkService;
			sourceTree = "<group>";
		};
		CE6E86CB277568C1007E2540 /* Views */ = {
			isa = PBXGroup;
			children = (
				CE6E86D2277598A3007E2540 /* Cells */,
				CE6E86B627756286007E2540 /* ViewController.swift */,
				CE6E86DB2775BCD4007E2540 /* DetailViewController.swift */,
			);
			path = Views;
			sourceTree = "<group>";
		};
		CE6E86CC277568CB007E2540 /* ViewModels */ = {
			isa = PBXGroup;
			children = (
				CE6E86D0277583F7007E2540 /* WeatherViewModel.swift */,
			);
			path = ViewModels;
			sourceTree = "<group>";
		};
		CE6E86CD277568D4007E2540 /* Models */ = {
			isa = PBXGroup;
			children = (
				CE6E86C6277564C4007E2540 /* WeatherModels.swift */,
			);
			path = Models;
			sourceTree = "<group>";
		};
		CE6E86D2277598A3007E2540 /* Cells */ = {
			isa = PBXGroup;
			children = (
				CE6E86D3277598C5007E2540 /* TodayCell.swift */,
				CE6E86D5277598DE007E2540 /* DailyCell.swift */,
			);
			path = Cells;
			sourceTree = "<group>";
		};
		CE6E86DD2775C6FD007E2540 /* Kits */ = {
			isa = PBXGroup;
			children = (
				CE6E86D92775B646007E2540 /* Kits.swift */,
			);
			path = Kits;
			sourceTree = "<group>";
		};
/* End PBXGroup section */

/* Begin PBXNativeTarget section */
		CE6E86AE27756286007E2540 /* openWeather */ = {
			isa = PBXNativeTarget;
			buildConfigurationList = CE6E86C327756287007E2540 /* Build configuration list for PBXNativeTarget "openWeather" */;
			buildPhases = (
				A216E96632B5414D6CCFB386 /* [CP] Check Pods Manifest.lock */,
				CE6E86AB27756286007E2540 /* Sources */,
				CE6E86AC27756286007E2540 /* Frameworks */,
				CE6E86AD27756286007E2540 /* Resources */,
				C24167C7FF1CBA0244EF8AA0 /* [CP] Embed Pods Frameworks */,
			);
			buildRules = (
			);
			dependencies = (
			);
			name = openWeather;
			productName = openWeather;
			productReference = CE6E86AF27756286007E2540 /* openWeather.app */;
			productType = "com.apple.product-type.application";
		};
/* End PBXNativeTarget section */

/* Begin PBXProject section */
		CE6E86A727756286007E2540 /* Project object */ = {
			isa = PBXProject;
			attributes = {
				BuildIndependentTargetsInParallel = 1;
				LastSwiftUpdateCheck = 1320;
				LastUpgradeCheck = 1320;
				TargetAttributes = {
					CE6E86AE27756286007E2540 = {
						CreatedOnToolsVersion = 13.2.1;
					};
				};
			};
			buildConfigurationList = CE6E86AA27756286007E2540 /* Build configuration list for PBXProject "openWeather" */;
			compatibilityVersion = "Xcode 13.0";
			developmentRegion = en;
			hasScannedForEncodings = 0;
			knownRegions = (
				en,
				Base,
			);
			mainGroup = CE6E86A627756286007E2540;
			productRefGroup = CE6E86B027756286007E2540 /* Products */;
			projectDirPath = "";
			projectRoot = "";
			targets = (
				CE6E86AE27756286007E2540 /* openWeather */,
			);
		};
/* End PBXProject section */

/* Begin PBXResourcesBuildPhase section */
		CE6E86AD27756286007E2540 /* Resources */ = {
			isa = PBXResourcesBuildPhase;
			buildActionMask = 2147483647;
			files = (
				CE6E86BF27756287007E2540 /* LaunchScreen.storyboard in Resources */,
				CE6E86BC27756287007E2540 /* Assets.xcassets in Resources */,
				CE6E86BA27756286007E2540 /* Main.storyboard in Resources */,
			);
			runOnlyForDeploymentPostprocessing = 0;
		};
/* End PBXResourcesBuildPhase section */

/* Begin PBXShellScriptBuildPhase section */
		A216E96632B5414D6CCFB386 /* [CP] Check Pods Manifest.lock */ = {
			isa = PBXShellScriptBuildPhase;
			buildActionMask = 2147483647;
			files = (
			);
			inputFileListPaths = (
			);
			inputPaths = (
				"${PODS_PODFILE_DIR_PATH}/Podfile.lock",
				"${PODS_ROOT}/Manifest.lock",
			);
			name = "[CP] Check Pods Manifest.lock";
			outputFileListPaths = (
			);
			outputPaths = (
				"$(DERIVED_FILE_DIR)/Pods-openWeather-checkManifestLockResult.txt",
			);
			runOnlyForDeploymentPostprocessing = 0;
			shellPath = /bin/sh;
			shellScript = "diff \"${PODS_PODFILE_DIR_PATH}/Podfile.lock\" \"${PODS_ROOT}/Manifest.lock\" > /dev/null\nif [ $? != 0 ] ; then\n    # print error to STDERR\n    echo \"error: The sandbox is not in sync with the Podfile.lock. Run 'pod install' or update your CocoaPods installation.\" >&2\n    exit 1\nfi\n# This output is used by Xcode 'outputs' to avoid re-running this script phase.\necho \"SUCCESS\" > \"${SCRIPT_OUTPUT_FILE_0}\"\n";
			showEnvVarsInLog = 0;
		};
		C24167C7FF1CBA0244EF8AA0 /* [CP] Embed Pods Frameworks */ = {
			isa = PBXShellScriptBuildPhase;
			buildActionMask = 2147483647;
			files = (
			);
			inputFileListPaths = (
				"${PODS_ROOT}/Target Support Files/Pods-openWeather/Pods-openWeather-frameworks-${CONFIGURATION}-input-files.xcfilelist",
			);
			name = "[CP] Embed Pods Frameworks";
			outputFileListPaths = (
				"${PODS_ROOT}/Target Support Files/Pods-openWeather/Pods-openWeather-frameworks-${CONFIGURATION}-output-files.xcfilelist",
			);
			runOnlyForDeploymentPostprocessing = 0;
			shellPath = /bin/sh;
			shellScript = "\"${PODS_ROOT}/Target Support Files/Pods-openWeather/Pods-openWeather-frameworks.sh\"\n";
			showEnvVarsInLog = 0;
		};
/* End PBXShellScriptBuildPhase section */

/* Begin PBXSourcesBuildPhase section */
		CE6E86AB27756286007E2540 /* Sources */ = {
			isa = PBXSourcesBuildPhase;
			buildActionMask = 2147483647;
			files = (
				CE6E86B727756286007E2540 /* ViewController.swift in Sources */,
				CE6E86D4277598C5007E2540 /* TodayCell.swift in Sources */,
				CE6E86DA2775B646007E2540 /* Kits.swift in Sources */,
				CE6E86D1277583F7007E2540 /* WeatherViewModel.swift in Sources */,
				CE6E86B327756286007E2540 /* AppDelegate.swift in Sources */,
				CE6E86C7277564C4007E2540 /* WeatherModels.swift in Sources */,
				CE6E86D6277598DE007E2540 /* DailyCell.swift in Sources */,
				CE6E86DC2775BCD4007E2540 /* DetailViewController.swift in Sources */,
				CE6E86B527756286007E2540 /* SceneDelegate.swift in Sources */,
				CE6E86CF27756D74007E2540 /* WeatherNetwork.swift in Sources */,
			);
			runOnlyForDeploymentPostprocessing = 0;
		};
/* End PBXSourcesBuildPhase section */

/* Begin PBXVariantGroup section */
		CE6E86B827756286007E2540 /* Main.storyboard */ = {
			isa = PBXVariantGroup;
			children = (
				CE6E86B927756286007E2540 /* Base */,
			);
			name = Main.storyboard;
			sourceTree = "<group>";
		};
		CE6E86BD27756287007E2540 /* LaunchScreen.storyboard */ = {
			isa = PBXVariantGroup;
			children = (
				CE6E86BE27756287007E2540 /* Base */,
			);
			name = LaunchScreen.storyboard;
			sourceTree = "<group>";
		};
/* End PBXVariantGroup section */

/* Begin XCBuildConfiguration section */
		CE6E86C127756287007E2540 /* Debug */ = {
			isa = XCBuildConfiguration;
			buildSettings = {
				ALWAYS_SEARCH_USER_PATHS = NO;
				CLANG_ANALYZER_NONNULL = YES;
				CLANG_ANALYZER_NUMBER_OBJECT_CONVERSION = YES_AGGRESSIVE;
				CLANG_CXX_LANGUAGE_STANDARD = "gnu++17";
				CLANG_CXX_LIBRARY = "libc++";
				CLANG_ENABLE_MODULES = YES;
				CLANG_ENABLE_OBJC_ARC = YES;
				CLANG_ENABLE_OBJC_WEAK = YES;
				CLANG_WARN_BLOCK_CAPTURE_AUTORELEASING = YES;
				CLANG_WARN_BOOL_CONVERSION = YES;
				CLANG_WARN_COMMA = YES;
				CLANG_WARN_CONSTANT_CONVERSION = YES;
				CLANG_WARN_DEPRECATED_OBJC_IMPLEMENTATIONS = YES;
				CLANG_WARN_DIRECT_OBJC_ISA_USAGE = YES_ERROR;
				CLANG_WARN_DOCUMENTATION_COMMENTS = YES;
				CLANG_WARN_EMPTY_BODY = YES;
				CLANG_WARN_ENUM_CONVERSION = YES;
				CLANG_WARN_INFINITE_RECURSION = YES;
				CLANG_WARN_INT_CONVERSION = YES;
				CLANG_WARN_NON_LITERAL_NULL_CONVERSION = YES;
				CLANG_WARN_OBJC_IMPLICIT_RETAIN_SELF = YES;
				CLANG_WARN_OBJC_LITERAL_CONVERSION = YES;
				CLANG_WARN_OBJC_ROOT_CLASS = YES_ERROR;
				CLANG_WARN_QUOTED_INCLUDE_IN_FRAMEWORK_HEADER = YES;
				CLANG_WARN_RANGE_LOOP_ANALYSIS = YES;
				CLANG_WARN_STRICT_PROTOTYPES = YES;
				CLANG_WARN_SUSPICIOUS_MOVE = YES;
				CLANG_WARN_UNGUARDED_AVAILABILITY = YES_AGGRESSIVE;
				CLANG_WARN_UNREACHABLE_CODE = YES;
				CLANG_WARN__DUPLICATE_METHOD_MATCH = YES;
				COPY_PHASE_STRIP = NO;
				DEBUG_INFORMATION_FORMAT = dwarf;
				ENABLE_STRICT_OBJC_MSGSEND = YES;
				ENABLE_TESTABILITY = YES;
				GCC_C_LANGUAGE_STANDARD = gnu11;
				GCC_DYNAMIC_NO_PIC = NO;
				GCC_NO_COMMON_BLOCKS = YES;
				GCC_OPTIMIZATION_LEVEL = 0;
				GCC_PREPROCESSOR_DEFINITIONS = (
					"DEBUG=1",
					"$(inherited)",
				);
				GCC_WARN_64_TO_32_BIT_CONVERSION = YES;
				GCC_WARN_ABOUT_RETURN_TYPE = YES_ERROR;
				GCC_WARN_UNDECLARED_SELECTOR = YES;
				GCC_WARN_UNINITIALIZED_AUTOS = YES_AGGRESSIVE;
				GCC_WARN_UNUSED_FUNCTION = YES;
				GCC_WARN_UNUSED_VARIABLE = YES;
				IPHONEOS_DEPLOYMENT_TARGET = 15.2;
				MTL_ENABLE_DEBUG_INFO = INCLUDE_SOURCE;
				MTL_FAST_MATH = YES;
				ONLY_ACTIVE_ARCH = YES;
				SDKROOT = iphoneos;
				SWIFT_ACTIVE_COMPILATION_CONDITIONS = DEBUG;
				SWIFT_OPTIMIZATION_LEVEL = "-Onone";
			};
			name = Debug;
		};
		CE6E86C227756287007E2540 /* Release */ = {
			isa = XCBuildConfiguration;
			buildSettings = {
				ALWAYS_SEARCH_USER_PATHS = NO;
				CLANG_ANALYZER_NONNULL = YES;
				CLANG_ANALYZER_NUMBER_OBJECT_CONVERSION = YES_AGGRESSIVE;
				CLANG_CXX_LANGUAGE_STANDARD = "gnu++17";
				CLANG_CXX_LIBRARY = "libc++";
				CLANG_ENABLE_MODULES = YES;
				CLANG_ENABLE_OBJC_ARC = YES;
				CLANG_ENABLE_OBJC_WEAK = YES;
				CLANG_WARN_BLOCK_CAPTURE_AUTORELEASING = YES;
				CLANG_WARN_BOOL_CONVERSION = YES;
				CLANG_WARN_COMMA = YES;
				CLANG_WARN_CONSTANT_CONVERSION = YES;
				CLANG_WARN_DEPRECATED_OBJC_IMPLEMENTATIONS = YES;
				CLANG_WARN_DIRECT_OBJC_ISA_USAGE = YES_ERROR;
				CLANG_WARN_DOCUMENTATION_COMMENTS = YES;
				CLANG_WARN_EMPTY_BODY = YES;
				CLANG_WARN_ENUM_CONVERSION = YES;
				CLANG_WARN_INFINITE_RECURSION = YES;
				CLANG_WARN_INT_CONVERSION = YES;
				CLANG_WARN_NON_LITERAL_NULL_CONVERSION = YES;
				CLANG_WARN_OBJC_IMPLICIT_RETAIN_SELF = YES;
				CLANG_WARN_OBJC_LITERAL_CONVERSION = YES;
				CLANG_WARN_OBJC_ROOT_CLASS = YES_ERROR;
				CLANG_WARN_QUOTED_INCLUDE_IN_FRAMEWORK_HEADER = YES;
				CLANG_WARN_RANGE_LOOP_ANALYSIS = YES;
				CLANG_WARN_STRICT_PROTOTYPES = YES;
				CLANG_WARN_SUSPICIOUS_MOVE = YES;
				CLANG_WARN_UNGUARDED_AVAILABILITY = YES_AGGRESSIVE;
				CLANG_WARN_UNREACHABLE_CODE = YES;
				CLANG_WARN__DUPLICATE_METHOD_MATCH = YES;
				COPY_PHASE_STRIP = NO;
				DEBUG_INFORMATION_FORMAT = "dwarf-with-dsym";
				ENABLE_NS_ASSERTIONS = NO;
				ENABLE_STRICT_OBJC_MSGSEND = YES;
				GCC_C_LANGUAGE_STANDARD = gnu11;
				GCC_NO_COMMON_BLOCKS = YES;
				GCC_WARN_64_TO_32_BIT_CONVERSION = YES;
				GCC_WARN_ABOUT_RETURN_TYPE = YES_ERROR;
				GCC_WARN_UNDECLARED_SELECTOR = YES;
				GCC_WARN_UNINITIALIZED_AUTOS = YES_AGGRESSIVE;
				GCC_WARN_UNUSED_FUNCTION = YES;
				GCC_WARN_UNUSED_VARIABLE = YES;
				IPHONEOS_DEPLOYMENT_TARGET = 15.2;
				MTL_ENABLE_DEBUG_INFO = NO;
				MTL_FAST_MATH = YES;
				SDKROOT = iphoneos;
				SWIFT_COMPILATION_MODE = wholemodule;
				SWIFT_OPTIMIZATION_LEVEL = "-O";
				VALIDATE_PRODUCT = YES;
			};
			name = Release;
		};
		CE6E86C427756287007E2540 /* Debug */ = {
			isa = XCBuildConfiguration;
			baseConfigurationReference = B8D5C07E8DAF82EE058680BA /* Pods-openWeather.debug.xcconfig */;
			buildSettings = {
				ASSETCATALOG_COMPILER_APPICON_NAME = AppIcon;
				ASSETCATALOG_COMPILER_GLOBAL_ACCENT_COLOR_NAME = AccentColor;
				CODE_SIGN_IDENTITY = "Apple Development";
				CODE_SIGN_STYLE = Automatic;
				CURRENT_PROJECT_VERSION = 1;
				DEVELOPMENT_TEAM = XKPY665JK8;
				GENERATE_INFOPLIST_FILE = YES;
				INFOPLIST_FILE = openWeather/Info.plist;
				INFOPLIST_KEY_NSLocationWhenInUseUsageDescription = "To get the weather info";
				INFOPLIST_KEY_UIApplicationSupportsIndirectInputEvents = YES;
				INFOPLIST_KEY_UILaunchStoryboardName = LaunchScreen;
				INFOPLIST_KEY_UIMainStoryboardFile = Main;
				INFOPLIST_KEY_UISupportedInterfaceOrientations_iPad = "UIInterfaceOrientationPortrait UIInterfaceOrientationPortraitUpsideDown UIInterfaceOrientationLandscapeLeft UIInterfaceOrientationLandscapeRight";
				INFOPLIST_KEY_UISupportedInterfaceOrientations_iPhone = "UIInterfaceOrientationPortrait UIInterfaceOrientationLandscapeLeft UIInterfaceOrientationLandscapeRight";
				IPHONEOS_DEPLOYMENT_TARGET = 13.0;
				LD_RUNPATH_SEARCH_PATHS = (
					"$(inherited)",
					"@executable_path/Frameworks",
				);
				MARKETING_VERSION = 1.0;
				PRODUCT_BUNDLE_IDENTIFIER = com.wkcda.admission;
				PRODUCT_NAME = "$(TARGET_NAME)";
				PROVISIONING_PROFILE_SPECIFIER = "";
				SWIFT_EMIT_LOC_STRINGS = YES;
				SWIFT_VERSION = 5.0;
				TARGETED_DEVICE_FAMILY = "1,2";
			};
			name = Debug;
		};
		CE6E86C527756287007E2540 /* Release */ = {
			isa = XCBuildConfiguration;
			baseConfigurationReference = 6D95307BBA33E71CB3156241 /* Pods-openWeather.release.xcconfig */;
			buildSettings = {
				ASSETCATALOG_COMPILER_APPICON_NAME = AppIcon;
				ASSETCATALOG_COMPILER_GLOBAL_ACCENT_COLOR_NAME = AccentColor;
				CODE_SIGN_IDENTITY = "Apple Development";
				CODE_SIGN_STYLE = Automatic;
				CURRENT_PROJECT_VERSION = 1;
				DEVELOPMENT_TEAM = XKPY665JK8;
				GENERATE_INFOPLIST_FILE = YES;
				INFOPLIST_FILE = openWeather/Info.plist;
				INFOPLIST_KEY_NSLocationWhenInUseUsageDescription = "To get the weather info";
				INFOPLIST_KEY_UIApplicationSupportsIndirectInputEvents = YES;
				INFOPLIST_KEY_UILaunchStoryboardName = LaunchScreen;
				INFOPLIST_KEY_UIMainStoryboardFile = Main;
				INFOPLIST_KEY_UISupportedInterfaceOrientations_iPad = "UIInterfaceOrientationPortrait UIInterfaceOrientationPortraitUpsideDown UIInterfaceOrientationLandscapeLeft UIInterfaceOrientationLandscapeRight";
				INFOPLIST_KEY_UISupportedInterfaceOrientations_iPhone = "UIInterfaceOrientationPortrait UIInterfaceOrientationLandscapeLeft UIInterfaceOrientationLandscapeRight";
				IPHONEOS_DEPLOYMENT_TARGET = 13.0;
				LD_RUNPATH_SEARCH_PATHS = (
					"$(inherited)",
					"@executable_path/Frameworks",
				);
				MARKETING_VERSION = 1.0;
				PRODUCT_BUNDLE_IDENTIFIER = com.wkcda.admission;
				PRODUCT_NAME = "$(TARGET_NAME)";
				PROVISIONING_PROFILE_SPECIFIER = "";
				SWIFT_EMIT_LOC_STRINGS = YES;
				SWIFT_VERSION = 5.0;
				TARGETED_DEVICE_FAMILY = "1,2";
			};
			name = Release;
		};
/* End XCBuildConfiguration section */

/* Begin XCConfigurationList section */
		CE6E86AA27756286007E2540 /* Build configuration list for PBXProject "openWeather" */ = {
			isa = XCConfigurationList;
			buildConfigurations = (
				CE6E86C127756287007E2540 /* Debug */,
				CE6E86C227756287007E2540 /* Release */,
			);
			defaultConfigurationIsVisible = 0;
			defaultConfigurationName = Release;
		};
		CE6E86C327756287007E2540 /* Build configuration list for PBXNativeTarget "openWeather" */ = {
			isa = XCConfigurationList;
			buildConfigurations = (
				CE6E86C427756287007E2540 /* Debug */,
				CE6E86C527756287007E2540 /* Release */,
			);
			defaultConfigurationIsVisible = 0;
			defaultConfigurationName = Release;
		};
/* End XCConfigurationList section */
	};
	rootObject = CE6E86A727756286007E2540 /* Project object */;
}
